
Microsoft Visual Studio Solution File, Format Version 12.00
# Visual Studio Version 17
VisualStudioVersion = 17.0.31903.59
MinimumVisualStudioVersion = 10.0.40219.1
Project("{2150E333-8FDC-42A3-9474-1A3956D46DE8}") = "Core", "Core", "{9FBA9CCF-FBD9-48E3-997A-FBBA3743C48B}"
EndProject
Project("{2150E333-8FDC-42A3-9474-1A3956D46DE8}") = "Connection", "Connection", "{C664ACF5-C1B0-4245-927B-887E30B084AF}"
EndProject
Project("{2150E333-8FDC-42A3-9474-1A3956D46DE8}") = "General", "General", "{AE858EAA-02D3-4673-A321-638D200B60B5}"
EndProject
Project("{2150E333-8FDC-42A3-9474-1A3956D46DE8}") = "LinxCommerce", "LinxCommerce", "{AE0F1C52-D98E-4E2A-A2E2-2884DDC734B8}"
EndProject
Project("{2150E333-8FDC-42A3-9474-1A3956D46DE8}") = "LinxMicrovix", "LinxMicrovix", "{B9B7C654-94BF-497D-827A-2A143886ABA5}"
EndProject
Project("{2150E333-8FDC-42A3-9474-1A3956D46DE8}") = "Manager", "Manager", "{2A793650-178B-471F-8C5C-0D11BFC95D36}"
EndProject
Project("{9A19103F-16F7-4668-BE54-9A1E7A4F7556}") = "BloomersGeneralConnection", "Connection\BloomersGeneralConnection\BloomersGeneralConnection.csproj", "{30C0D9EE-4DBE-4982-923B-6B79593E315B}"
EndProject
Project("{9A19103F-16F7-4668-BE54-9A1E7A4F7556}") = "BloomersIntegrationsCore", "Core\BloomersIntegrationsCore\BloomersIntegrationsCore.csproj", "{5900A64B-E6DF-4306-B9DC-DCBF1B9ED19F}"
EndProject
Project("{9A19103F-16F7-4668-BE54-9A1E7A4F7556}") = "AfterSale", "General\AfterSale\AfterSale.csproj", "{DCC80B82-3516-4A7F-B7B0-A8C83122B600}"
EndProject
Project("{9A19103F-16F7-4668-BE54-9A1E7A4F7556}") = "Dootax", "General\Dootax\Dootax.csproj", "{D359BEF4-3360-4622-B289-9B0D1B393BE6}"
EndProject
Project("{9A19103F-16F7-4668-BE54-9A1E7A4F7556}") = "Mobsim", "General\Mobsim\Mobsim.csproj", "{C4B36304-2037-4536-8AD1-350B6FC3C7CE}"
EndProject
Project("{9A19103F-16F7-4668-BE54-9A1E7A4F7556}") = "Movidesk", "General\Movidesk\Movidesk.csproj", "{D12714B2-F50C-43E5-A751-435ACB47CEE9}"
EndProject
Project("{9A19103F-16F7-4668-BE54-9A1E7A4F7556}") = "Pagarme", "General\Pagarme\Pagarme.csproj", "{98FC6E3E-FBB9-4879-B219-5E8B8F3A1729}"
EndProject
Project("{9A19103F-16F7-4668-BE54-9A1E7A4F7556}") = "LinxCommerce", "LinxCommerce\LinxCommerce.csproj", "{B4477C5E-9AEA-4454-8655-97446B867FF2}"
EndProject
Project("{9A19103F-16F7-4668-BE54-9A1E7A4F7556}") = "LinxMicrovix", "LinxMicrovix\LinxMicrovix.csproj", "{6D80EF48-500C-4F74-8DF0-396CF1BC7D08}"
EndProject
Project("{9A19103F-16F7-4668-BE54-9A1E7A4F7556}") = "BloomersIntegrationsManager", "Manager\BloomersIntegrationsManager\BloomersIntegrationsManager.csproj", "{9D6A62AE-4107-4562-879F-EE50DDD857EC}"
EndProject
Project("{2150E333-8FDC-42A3-9474-1A3956D46DE8}") = "Carriers", "Carriers", "{F54047A9-4218-4D88-BBF0-E11C62CBA6DA}"
EndProject
Project("{2150E333-8FDC-42A3-9474-1A3956D46DE8}") = "Wms", "Wms", "{134982F8-C479-43E6-B487-489A57BD1D79}"
EndProject
Project("{9A19103F-16F7-4668-BE54-9A1E7A4F7556}") = "FlashCourier", "Carriers\FlashCourier\FlashCourier.csproj", "{E028189E-6D4D-4687-8C25-6302E47AA4ED}"
EndProject
Project("{9A19103F-16F7-4668-BE54-9A1E7A4F7556}") = "Mandae", "Carriers\Mandae\Mandae.csproj", "{3FEE5596-6655-46E0-B8FA-6FBBD4A7E581}"
EndProject
Project("{9A19103F-16F7-4668-BE54-9A1E7A4F7556}") = "TotalExpress", "Carriers\TotalExpress\TotalExpress.csproj", "{C0E2FB1B-CCB3-460B-8C38-BE905954A1B0}"
EndProject
Global
	GlobalSection(SolutionConfigurationPlatforms) = preSolution
		Debug|Any CPU = Debug|Any CPU
		Release|Any CPU = Release|Any CPU
	EndGlobalSection
	GlobalSection(ProjectConfigurationPlatforms) = postSolution
		{30C0D9EE-4DBE-4982-923B-6B79593E315B}.Debug|Any CPU.ActiveCfg = Debug|Any CPU
		{30C0D9EE-4DBE-4982-923B-6B79593E315B}.Debug|Any CPU.Build.0 = Debug|Any CPU
		{30C0D9EE-4DBE-4982-923B-6B79593E315B}.Release|Any CPU.ActiveCfg = Release|Any CPU
		{30C0D9EE-4DBE-4982-923B-6B79593E315B}.Release|Any CPU.Build.0 = Release|Any CPU
		{5900A64B-E6DF-4306-B9DC-DCBF1B9ED19F}.Debug|Any CPU.ActiveCfg = Debug|Any CPU
		{5900A64B-E6DF-4306-B9DC-DCBF1B9ED19F}.Debug|Any CPU.Build.0 = Debug|Any CPU
		{5900A64B-E6DF-4306-B9DC-DCBF1B9ED19F}.Release|Any CPU.ActiveCfg = Release|Any CPU
		{5900A64B-E6DF-4306-B9DC-DCBF1B9ED19F}.Release|Any CPU.Build.0 = Release|Any CPU
		{DCC80B82-3516-4A7F-B7B0-A8C83122B600}.Debug|Any CPU.ActiveCfg = Debug|Any CPU
		{DCC80B82-3516-4A7F-B7B0-A8C83122B600}.Debug|Any CPU.Build.0 = Debug|Any CPU
		{DCC80B82-3516-4A7F-B7B0-A8C83122B600}.Release|Any CPU.ActiveCfg = Release|Any CPU
		{DCC80B82-3516-4A7F-B7B0-A8C83122B600}.Release|Any CPU.Build.0 = Release|Any CPU
		{D359BEF4-3360-4622-B289-9B0D1B393BE6}.Debug|Any CPU.ActiveCfg = Debug|Any CPU
		{D359BEF4-3360-4622-B289-9B0D1B393BE6}.Debug|Any CPU.Build.0 = Debug|Any CPU
		{D359BEF4-3360-4622-B289-9B0D1B393BE6}.Release|Any CPU.ActiveCfg = Release|Any CPU
		{D359BEF4-3360-4622-B289-9B0D1B393BE6}.Release|Any CPU.Build.0 = Release|Any CPU
		{C4B36304-2037-4536-8AD1-350B6FC3C7CE}.Debug|Any CPU.ActiveCfg = Debug|Any CPU
		{C4B36304-2037-4536-8AD1-350B6FC3C7CE}.Debug|Any CPU.Build.0 = Debug|Any CPU
		{C4B36304-2037-4536-8AD1-350B6FC3C7CE}.Release|Any CPU.ActiveCfg = Release|Any CPU
		{C4B36304-2037-4536-8AD1-350B6FC3C7CE}.Release|Any CPU.Build.0 = Release|Any CPU
		{D12714B2-F50C-43E5-A751-435ACB47CEE9}.Debug|Any CPU.ActiveCfg = Debug|Any CPU
		{D12714B2-F50C-43E5-A751-435ACB47CEE9}.Debug|Any CPU.Build.0 = Debug|Any CPU
		{D12714B2-F50C-43E5-A751-435ACB47CEE9}.Release|Any CPU.ActiveCfg = Release|Any CPU
		{D12714B2-F50C-43E5-A751-435ACB47CEE9}.Release|Any CPU.Build.0 = Release|Any CPU
		{98FC6E3E-FBB9-4879-B219-5E8B8F3A1729}.Debug|Any CPU.ActiveCfg = Debug|Any CPU
		{98FC6E3E-FBB9-4879-B219-5E8B8F3A1729}.Debug|Any CPU.Build.0 = Debug|Any CPU
		{98FC6E3E-FBB9-4879-B219-5E8B8F3A1729}.Release|Any CPU.ActiveCfg = Release|Any CPU
		{98FC6E3E-FBB9-4879-B219-5E8B8F3A1729}.Release|Any CPU.Build.0 = Release|Any CPU
		{B4477C5E-9AEA-4454-8655-97446B867FF2}.Debug|Any CPU.ActiveCfg = Debug|Any CPU
		{B4477C5E-9AEA-4454-8655-97446B867FF2}.Debug|Any CPU.Build.0 = Debug|Any CPU
		{B4477C5E-9AEA-4454-8655-97446B867FF2}.Release|Any CPU.ActiveCfg = Release|Any CPU
		{B4477C5E-9AEA-4454-8655-97446B867FF2}.Release|Any CPU.Build.0 = Release|Any CPU
		{6D80EF48-500C-4F74-8DF0-396CF1BC7D08}.Debug|Any CPU.ActiveCfg = Debug|Any CPU
		{6D80EF48-500C-4F74-8DF0-396CF1BC7D08}.Debug|Any CPU.Build.0 = Debug|Any CPU
		{6D80EF48-500C-4F74-8DF0-396CF1BC7D08}.Release|Any CPU.ActiveCfg = Release|Any CPU
		{6D80EF48-500C-4F74-8DF0-396CF1BC7D08}.Release|Any CPU.Build.0 = Release|Any CPU
		{9D6A62AE-4107-4562-879F-EE50DDD857EC}.Debug|Any CPU.ActiveCfg = Debug|Any CPU
		{9D6A62AE-4107-4562-879F-EE50DDD857EC}.Debug|Any CPU.Build.0 = Debug|Any CPU
		{9D6A62AE-4107-4562-879F-EE50DDD857EC}.Release|Any CPU.ActiveCfg = Release|Any CPU
		{9D6A62AE-4107-4562-879F-EE50DDD857EC}.Release|Any CPU.Build.0 = Release|Any CPU
		{E028189E-6D4D-4687-8C25-6302E47AA4ED}.Debug|Any CPU.ActiveCfg = Debug|Any CPU
		{E028189E-6D4D-4687-8C25-6302E47AA4ED}.Debug|Any CPU.Build.0 = Debug|Any CPU
		{E028189E-6D4D-4687-8C25-6302E47AA4ED}.Release|Any CPU.ActiveCfg = Release|Any CPU
		{E028189E-6D4D-4687-8C25-6302E47AA4ED}.Release|Any CPU.Build.0 = Release|Any CPU
		{3FEE5596-6655-46E0-B8FA-6FBBD4A7E581}.Debug|Any CPU.ActiveCfg = Debug|Any CPU
		{3FEE5596-6655-46E0-B8FA-6FBBD4A7E581}.Debug|Any CPU.Build.0 = Debug|Any CPU
		{3FEE5596-6655-46E0-B8FA-6FBBD4A7E581}.Release|Any CPU.ActiveCfg = Release|Any CPU
		{3FEE5596-6655-46E0-B8FA-6FBBD4A7E581}.Release|Any CPU.Build.0 = Release|Any CPU
		{C0E2FB1B-CCB3-460B-8C38-BE905954A1B0}.Debug|Any CPU.ActiveCfg = Debug|Any CPU
		{C0E2FB1B-CCB3-460B-8C38-BE905954A1B0}.Debug|Any CPU.Build.0 = Debug|Any CPU
		{C0E2FB1B-CCB3-460B-8C38-BE905954A1B0}.Release|Any CPU.ActiveCfg = Release|Any CPU
		{C0E2FB1B-CCB3-460B-8C38-BE905954A1B0}.Release|Any CPU.Build.0 = Release|Any CPU
	EndGlobalSection
	GlobalSection(SolutionProperties) = preSolution
		HideSolutionNode = FALSE
	EndGlobalSection
	GlobalSection(NestedProjects) = preSolution
		{30C0D9EE-4DBE-4982-923B-6B79593E315B} = {C664ACF5-C1B0-4245-927B-887E30B084AF}
		{5900A64B-E6DF-4306-B9DC-DCBF1B9ED19F} = {9FBA9CCF-FBD9-48E3-997A-FBBA3743C48B}
		{DCC80B82-3516-4A7F-B7B0-A8C83122B600} = {AE858EAA-02D3-4673-A321-638D200B60B5}
		{D359BEF4-3360-4622-B289-9B0D1B393BE6} = {AE858EAA-02D3-4673-A321-638D200B60B5}
		{C4B36304-2037-4536-8AD1-350B6FC3C7CE} = {AE858EAA-02D3-4673-A321-638D200B60B5}
		{D12714B2-F50C-43E5-A751-435ACB47CEE9} = {AE858EAA-02D3-4673-A321-638D200B60B5}
		{98FC6E3E-FBB9-4879-B219-5E8B8F3A1729} = {AE858EAA-02D3-4673-A321-638D200B60B5}
		{B4477C5E-9AEA-4454-8655-97446B867FF2} = {AE0F1C52-D98E-4E2A-A2E2-2884DDC734B8}
		{6D80EF48-500C-4F74-8DF0-396CF1BC7D08} = {B9B7C654-94BF-497D-827A-2A143886ABA5}
		{9D6A62AE-4107-4562-879F-EE50DDD857EC} = {2A793650-178B-471F-8C5C-0D11BFC95D36}
		{E028189E-6D4D-4687-8C25-6302E47AA4ED} = {F54047A9-4218-4D88-BBF0-E11C62CBA6DA}
		{3FEE5596-6655-46E0-B8FA-6FBBD4A7E581} = {F54047A9-4218-4D88-BBF0-E11C62CBA6DA}
		{C0E2FB1B-CCB3-460B-8C38-BE905954A1B0} = {F54047A9-4218-4D88-BBF0-E11C62CBA6DA}
	EndGlobalSection
	GlobalSection(ExtensibilityGlobals) = postSolution
		SolutionGuid = {B809C985-26F2-4923-99F1-58136D8B519E}
	EndGlobalSection
EndGlobal
